
Microsoft Visual Studio Solution File, Format Version 12.00
# Visual Studio Version 17
VisualStudioVersion = 17.5.33516.290
MinimumVisualStudioVersion = 10.0.40219.1
Project("{9A19103F-16F7-4668-BE54-9A1E7A4F7556}") = "Sample01", "Sample01\Sample01.csproj", "{58707F07-4DC6-40A5-9507-BC5658AB7D87}"
EndProject
Project("{9A19103F-16F7-4668-BE54-9A1E7A4F7556}") = "Sample02", "Sample02\Sample02.csproj", "{B727FBEB-CA05-4FE2-9EED-CF96397E8713}"
EndProject
Project("{9A19103F-16F7-4668-BE54-9A1E7A4F7556}") = "ValidatedInput", "ValidatedInput\ValidatedInput.csproj", "{00933C34-E281-4D1A-99A6-F885401889D9}"
EndProject
Project("{9A19103F-16F7-4668-BE54-9A1E7A4F7556}") = "Array01", "Array01\Array01.csproj", "{B1263259-AFAF-477D-902B-295284C76549}"
EndProject
Project("{9A19103F-16F7-4668-BE54-9A1E7A4F7556}") = "Array02", "Array02\Array02.csproj", "{BDAEB87D-0C77-4C4E-8C92-4FA12FD342F2}"
EndProject
Project("{9A19103F-16F7-4668-BE54-9A1E7A4F7556}") = "Array03", "Array03\Array03.csproj", "{396D922C-E0EA-40E1-A086-7C9F22CF07D7}"
EndProject
Project("{9A19103F-16F7-4668-BE54-9A1E7A4F7556}") = "Array04_MultiDimensionalArray", "Array04_MultiDimensionalArray\Array04_MultiDimensionalArray.csproj", "{FE6B8082-447D-417B-AF39-98BB5372501F}"
EndProject
Project("{9A19103F-16F7-4668-BE54-9A1E7A4F7556}") = "Array05_ConvertLogicToData", "Array04_ConvertLogicToData\Array05_ConvertLogicToData.csproj", "{A2B28BCB-D5AA-45F2-A064-A7A4590F893A}"
EndProject
Project("{9A19103F-16F7-4668-BE54-9A1E7A4F7556}") = "Collections01_List_SentinelControlledInput", "Collections01_List_SentinelControlledInput\Collections01_List_SentinelControlledInput.csproj", "{00380C03-B006-48B9-8D84-A4B6D945AFB2}"
EndProject
Project("{9A19103F-16F7-4668-BE54-9A1E7A4F7556}") = "Collections02_Dictionary", "Collections02_Dictionary\Collections02_Dictionary.csproj", "{DCA6FA50-F0F8-4FA8-AA74-8BF543C12F08}"
EndProject
Project("{9A19103F-16F7-4668-BE54-9A1E7A4F7556}") = "Streams01", "Streams01\Streams01.csproj", "{EE8F9F38-347A-4B7B-B0ED-12B13FE479BF}"
EndProject
Project("{9A19103F-16F7-4668-BE54-9A1E7A4F7556}") = "Wed01_Exceptions", "Wed01_Exceptions\Wed01_Exceptions.csproj", "{2CCC232B-5021-4835-8A62-0859A419CE3E}"
EndProject
Project("{9A19103F-16F7-4668-BE54-9A1E7A4F7556}") = "Wed02_StudentExample", "Wed02_StudentExample\Wed02_StudentExample.csproj", "{03044CCD-C778-4026-8D38-2498177ABA6F}"
EndProject
Project("{9A19103F-16F7-4668-BE54-9A1E7A4F7556}") = "Thu01_StudentTests", "Thu01_StudentTests\Thu01_StudentTests.csproj", "{169CD9A6-CB45-455B-ABC4-96008DDBDBD7}"
EndProject
Project("{2150E333-8FDC-42A3-9474-1A3956D46DE8}") = "Misc", "Misc", "{ECD0A534-4FFD-4F52-9B2D-ED65DBF897C8}"
	ProjectSection(SolutionItems) = preProject
		Case_study_user_stories.txt = Case_study_user_stories.txt
	EndProjectSection
EndProject
Project("{9A19103F-16F7-4668-BE54-9A1E7A4F7556}") = "StudentObjectModel", "StudentObjectModel\StudentObjectModel.csproj", "{E61B4D95-18C9-4309-99D9-AC331BED9F74}"
EndProject
Global
	GlobalSection(SolutionConfigurationPlatforms) = preSolution
		Debug|Any CPU = Debug|Any CPU
		Release|Any CPU = Release|Any CPU
	EndGlobalSection
	GlobalSection(ProjectConfigurationPlatforms) = postSolution
		{58707F07-4DC6-40A5-9507-BC5658AB7D87}.Debug|Any CPU.ActiveCfg = Debug|Any CPU
		{58707F07-4DC6-40A5-9507-BC5658AB7D87}.Debug|Any CPU.Build.0 = Debug|Any CPU
		{58707F07-4DC6-40A5-9507-BC5658AB7D87}.Release|Any CPU.ActiveCfg = Release|Any CPU
		{58707F07-4DC6-40A5-9507-BC5658AB7D87}.Release|Any CPU.Build.0 = Release|Any CPU
		{B727FBEB-CA05-4FE2-9EED-CF96397E8713}.Debug|Any CPU.ActiveCfg = Debug|Any CPU
		{B727FBEB-CA05-4FE2-9EED-CF96397E8713}.Debug|Any CPU.Build.0 = Debug|Any CPU
		{B727FBEB-CA05-4FE2-9EED-CF96397E8713}.Release|Any CPU.ActiveCfg = Release|Any CPU
		{B727FBEB-CA05-4FE2-9EED-CF96397E8713}.Release|Any CPU.Build.0 = Release|Any CPU
		{00933C34-E281-4D1A-99A6-F885401889D9}.Debug|Any CPU.ActiveCfg = Debug|Any CPU
		{00933C34-E281-4D1A-99A6-F885401889D9}.Debug|Any CPU.Build.0 = Debug|Any CPU
		{00933C34-E281-4D1A-99A6-F885401889D9}.Release|Any CPU.ActiveCfg = Release|Any CPU
		{00933C34-E281-4D1A-99A6-F885401889D9}.Release|Any CPU.Build.0 = Release|Any CPU
		{B1263259-AFAF-477D-902B-295284C76549}.Debug|Any CPU.ActiveCfg = Debug|Any CPU
		{B1263259-AFAF-477D-902B-295284C76549}.Debug|Any CPU.Build.0 = Debug|Any CPU
		{B1263259-AFAF-477D-902B-295284C76549}.Release|Any CPU.ActiveCfg = Release|Any CPU
		{B1263259-AFAF-477D-902B-295284C76549}.Release|Any CPU.Build.0 = Release|Any CPU
		{BDAEB87D-0C77-4C4E-8C92-4FA12FD342F2}.Debug|Any CPU.ActiveCfg = Debug|Any CPU
		{BDAEB87D-0C77-4C4E-8C92-4FA12FD342F2}.Debug|Any CPU.Build.0 = Debug|Any CPU
		{BDAEB87D-0C77-4C4E-8C92-4FA12FD342F2}.Release|Any CPU.ActiveCfg = Release|Any CPU
		{BDAEB87D-0C77-4C4E-8C92-4FA12FD342F2}.Release|Any CPU.Build.0 = Release|Any CPU
		{396D922C-E0EA-40E1-A086-7C9F22CF07D7}.Debug|Any CPU.ActiveCfg = Debug|Any CPU
		{396D922C-E0EA-40E1-A086-7C9F22CF07D7}.Debug|Any CPU.Build.0 = Debug|Any CPU
		{396D922C-E0EA-40E1-A086-7C9F22CF07D7}.Release|Any CPU.ActiveCfg = Release|Any CPU
		{396D922C-E0EA-40E1-A086-7C9F22CF07D7}.Release|Any CPU.Build.0 = Release|Any CPU
		{FE6B8082-447D-417B-AF39-98BB5372501F}.Debug|Any CPU.ActiveCfg = Debug|Any CPU
		{FE6B8082-447D-417B-AF39-98BB5372501F}.Debug|Any CPU.Build.0 = Debug|Any CPU
		{FE6B8082-447D-417B-AF39-98BB5372501F}.Release|Any CPU.ActiveCfg = Release|Any CPU
		{FE6B8082-447D-417B-AF39-98BB5372501F}.Release|Any CPU.Build.0 = Release|Any CPU
		{A2B28BCB-D5AA-45F2-A064-A7A4590F893A}.Debug|Any CPU.ActiveCfg = Debug|Any CPU
		{A2B28BCB-D5AA-45F2-A064-A7A4590F893A}.Debug|Any CPU.Build.0 = Debug|Any CPU
		{A2B28BCB-D5AA-45F2-A064-A7A4590F893A}.Release|Any CPU.ActiveCfg = Release|Any CPU
		{A2B28BCB-D5AA-45F2-A064-A7A4590F893A}.Release|Any CPU.Build.0 = Release|Any CPU
		{00380C03-B006-48B9-8D84-A4B6D945AFB2}.Debug|Any CPU.ActiveCfg = Debug|Any CPU
		{00380C03-B006-48B9-8D84-A4B6D945AFB2}.Debug|Any CPU.Build.0 = Debug|Any CPU
		{00380C03-B006-48B9-8D84-A4B6D945AFB2}.Release|Any CPU.ActiveCfg = Release|Any CPU
		{00380C03-B006-48B9-8D84-A4B6D945AFB2}.Release|Any CPU.Build.0 = Release|Any CPU
		{DCA6FA50-F0F8-4FA8-AA74-8BF543C12F08}.Debug|Any CPU.ActiveCfg = Debug|Any CPU
		{DCA6FA50-F0F8-4FA8-AA74-8BF543C12F08}.Debug|Any CPU.Build.0 = Debug|Any CPU
		{DCA6FA50-F0F8-4FA8-AA74-8BF543C12F08}.Release|Any CPU.ActiveCfg = Release|Any CPU
		{DCA6FA50-F0F8-4FA8-AA74-8BF543C12F08}.Release|Any CPU.Build.0 = Release|Any CPU
		{EE8F9F38-347A-4B7B-B0ED-12B13FE479BF}.Debug|Any CPU.ActiveCfg = Debug|Any CPU
		{EE8F9F38-347A-4B7B-B0ED-12B13FE479BF}.Debug|Any CPU.Build.0 = Debug|Any CPU
		{EE8F9F38-347A-4B7B-B0ED-12B13FE479BF}.Release|Any CPU.ActiveCfg = Release|Any CPU
		{EE8F9F38-347A-4B7B-B0ED-12B13FE479BF}.Release|Any CPU.Build.0 = Release|Any CPU
		{2CCC232B-5021-4835-8A62-0859A419CE3E}.Debug|Any CPU.ActiveCfg = Debug|Any CPU
		{2CCC232B-5021-4835-8A62-0859A419CE3E}.Debug|Any CPU.Build.0 = Debug|Any CPU
		{2CCC232B-5021-4835-8A62-0859A419CE3E}.Release|Any CPU.ActiveCfg = Release|Any CPU
		{2CCC232B-5021-4835-8A62-0859A419CE3E}.Release|Any CPU.Build.0 = Release|Any CPU
		{03044CCD-C778-4026-8D38-2498177ABA6F}.Debug|Any CPU.ActiveCfg = Debug|Any CPU
		{03044CCD-C778-4026-8D38-2498177ABA6F}.Debug|Any CPU.Build.0 = Debug|Any CPU
		{03044CCD-C778-4026-8D38-2498177ABA6F}.Release|Any CPU.ActiveCfg = Release|Any CPU
		{03044CCD-C778-4026-8D38-2498177ABA6F}.Release|Any CPU.Build.0 = Release|Any CPU
		{169CD9A6-CB45-455B-ABC4-96008DDBDBD7}.Debug|Any CPU.ActiveCfg = Debug|Any CPU
		{169CD9A6-CB45-455B-ABC4-96008DDBDBD7}.Debug|Any CPU.Build.0 = Debug|Any CPU
		{169CD9A6-CB45-455B-ABC4-96008DDBDBD7}.Release|Any CPU.ActiveCfg = Release|Any CPU
		{169CD9A6-CB45-455B-ABC4-96008DDBDBD7}.Release|Any CPU.Build.0 = Release|Any CPU
		{E61B4D95-18C9-4309-99D9-AC331BED9F74}.Debug|Any CPU.ActiveCfg = Debug|Any CPU
		{E61B4D95-18C9-4309-99D9-AC331BED9F74}.Debug|Any CPU.Build.0 = Debug|Any CPU
		{E61B4D95-18C9-4309-99D9-AC331BED9F74}.Release|Any CPU.ActiveCfg = Release|Any CPU
		{E61B4D95-18C9-4309-99D9-AC331BED9F74}.Release|Any CPU.Build.0 = Release|Any CPU
	EndGlobalSection
	GlobalSection(SolutionProperties) = preSolution
		HideSolutionNode = FALSE
	EndGlobalSection
	GlobalSection(ExtensibilityGlobals) = postSolution
		SolutionGuid = {A8BA653D-A056-4BA0-A022-AD609502FC7D}
	EndGlobalSection
EndGlobal
